// !$*UTF8*$!
{
	archiveVersion = 1;
	classes = {
	};
	objectVersion = 46;
	objects = {

/* Begin PBXBuildFile section */
		182E301C16B54FFD00E2B504 /* libsqlite3.0.dylib in Frameworks */ = {isa = PBXBuildFile; fileRef = 182E301B16B54FFD00E2B504 /* libsqlite3.0.dylib */; };
		1898B37C16BD8EDF00275758 /* DetailViewController.m in Sources */ = {isa = PBXBuildFile; fileRef = 1898B37A16BD8EDF00275758 /* DetailViewController.m */; };
		1898B37D16BD8EDF00275758 /* DetailViewController.m in Sources */ = {isa = PBXBuildFile; fileRef = 1898B37A16BD8EDF00275758 /* DetailViewController.m */; };
		1898B37E16BD8EDF00275758 /* DetailViewController.xib in Resources */ = {isa = PBXBuildFile; fileRef = 1898B37B16BD8EDF00275758 /* DetailViewController.xib */; };
		1898B37F16BD8EDF00275758 /* DetailViewController.xib in Resources */ = {isa = PBXBuildFile; fileRef = 1898B37B16BD8EDF00275758 /* DetailViewController.xib */; };
		1898B92816C001B000E1938B /* userData.db in Resources */ = {isa = PBXBuildFile; fileRef = 1898B92716C001B000E1938B /* userData.db */; };
		1898B92916C001B000E1938B /* userData.db in Resources */ = {isa = PBXBuildFile; fileRef = 1898B92716C001B000E1938B /* userData.db */; };
		189B7EC416C405B80073A1BC /* musicMaster_test.db in Resources */ = {isa = PBXBuildFile; fileRef = 189B7EC316C405B80073A1BC /* musicMaster_test.db */; };
		189B7EC516C405B80073A1BC /* musicMaster_test.db in Resources */ = {isa = PBXBuildFile; fileRef = 189B7EC316C405B80073A1BC /* musicMaster_test.db */; };
		189EB69D16C68DB40005CA3D /* MusicDetailCell.m in Sources */ = {isa = PBXBuildFile; fileRef = 189EB69C16C68DB40005CA3D /* MusicDetailCell.m */; };
		189EB69E16C68DB40005CA3D /* MusicDetailCell.m in Sources */ = {isa = PBXBuildFile; fileRef = 189EB69C16C68DB40005CA3D /* MusicDetailCell.m */; };
		189EB6AB16C6A7A20005CA3D /* clearLampImage_0.png in Resources */ = {isa = PBXBuildFile; fileRef = 189EB6A316C6A7A20005CA3D /* clearLampImage_0.png */; };
		189EB6AC16C6A7A20005CA3D /* clearLampImage_0.png in Resources */ = {isa = PBXBuildFile; fileRef = 189EB6A316C6A7A20005CA3D /* clearLampImage_0.png */; };
		189EB6AD16C6A7A20005CA3D /* clearLampImage_1.png in Resources */ = {isa = PBXBuildFile; fileRef = 189EB6A416C6A7A20005CA3D /* clearLampImage_1.png */; };
		189EB6AE16C6A7A20005CA3D /* clearLampImage_1.png in Resources */ = {isa = PBXBuildFile; fileRef = 189EB6A416C6A7A20005CA3D /* clearLampImage_1.png */; };
		189EB6AF16C6A7A20005CA3D /* clearLampImage_2.png in Resources */ = {isa = PBXBuildFile; fileRef = 189EB6A516C6A7A20005CA3D /* clearLampImage_2.png */; };
		189EB6B016C6A7A20005CA3D /* clearLampImage_2.png in Resources */ = {isa = PBXBuildFile; fileRef = 189EB6A516C6A7A20005CA3D /* clearLampImage_2.png */; };
		189EB6B116C6A7A20005CA3D /* clearLampImage_3.png in Resources */ = {isa = PBXBuildFile; fileRef = 189EB6A616C6A7A20005CA3D /* clearLampImage_3.png */; };
		189EB6B216C6A7A20005CA3D /* clearLampImage_3.png in Resources */ = {isa = PBXBuildFile; fileRef = 189EB6A616C6A7A20005CA3D /* clearLampImage_3.png */; };
		189EB6B316C6A7A20005CA3D /* clearLampImage_4.png in Resources */ = {isa = PBXBuildFile; fileRef = 189EB6A716C6A7A20005CA3D /* clearLampImage_4.png */; };
		189EB6B416C6A7A20005CA3D /* clearLampImage_4.png in Resources */ = {isa = PBXBuildFile; fileRef = 189EB6A716C6A7A20005CA3D /* clearLampImage_4.png */; };
		189EB6B516C6A7A20005CA3D /* clearLampImage_5.png in Resources */ = {isa = PBXBuildFile; fileRef = 189EB6A816C6A7A20005CA3D /* clearLampImage_5.png */; };
		189EB6B616C6A7A20005CA3D /* clearLampImage_5.png in Resources */ = {isa = PBXBuildFile; fileRef = 189EB6A816C6A7A20005CA3D /* clearLampImage_5.png */; };
		189EB6B716C6A7A20005CA3D /* clearLampImage_6.png in Resources */ = {isa = PBXBuildFile; fileRef = 189EB6A916C6A7A20005CA3D /* clearLampImage_6.png */; };
		189EB6B816C6A7A20005CA3D /* clearLampImage_6.png in Resources */ = {isa = PBXBuildFile; fileRef = 189EB6A916C6A7A20005CA3D /* clearLampImage_6.png */; };
		189EB6B916C6A7A20005CA3D /* clearLampImage_7.png in Resources */ = {isa = PBXBuildFile; fileRef = 189EB6AA16C6A7A20005CA3D /* clearLampImage_7.png */; };
		189EB6BA16C6A7A20005CA3D /* clearLampImage_7.png in Resources */ = {isa = PBXBuildFile; fileRef = 189EB6AA16C6A7A20005CA3D /* clearLampImage_7.png */; };
		189EB6BD16C6B8CF0005CA3D /* HomeDetailCell.m in Sources */ = {isa = PBXBuildFile; fileRef = 189EB6BC16C6B8CF0005CA3D /* HomeDetailCell.m */; };
		189EB6BE16C6B8CF0005CA3D /* HomeDetailCell.m in Sources */ = {isa = PBXBuildFile; fileRef = 189EB6BC16C6B8CF0005CA3D /* HomeDetailCell.m */; };
		189EB6C116C6C3020005CA3D /* DatabaseManager.m in Sources */ = {isa = PBXBuildFile; fileRef = 189EB6C016C6C3020005CA3D /* DatabaseManager.m */; };
		189EB6C216C6C3020005CA3D /* DatabaseManager.m in Sources */ = {isa = PBXBuildFile; fileRef = 189EB6C016C6C3020005CA3D /* DatabaseManager.m */; };
		18A2C19316B3C1B700CECE75 /* UIKit.framework in Frameworks */ = {isa = PBXBuildFile; fileRef = 18A2C19216B3C1B700CECE75 /* UIKit.framework */; };
		18A2C19516B3C1B700CECE75 /* Foundation.framework in Frameworks */ = {isa = PBXBuildFile; fileRef = 18A2C19416B3C1B700CECE75 /* Foundation.framework */; };
		18A2C19716B3C1B700CECE75 /* CoreGraphics.framework in Frameworks */ = {isa = PBXBuildFile; fileRef = 18A2C19616B3C1B700CECE75 /* CoreGraphics.framework */; };
		18A2C19D16B3C1B700CECE75 /* InfoPlist.strings in Resources */ = {isa = PBXBuildFile; fileRef = 18A2C19B16B3C1B700CECE75 /* InfoPlist.strings */; };
		18A2C19F16B3C1B700CECE75 /* main.m in Sources */ = {isa = PBXBuildFile; fileRef = 18A2C19E16B3C1B700CECE75 /* main.m */; };
		18A2C1A316B3C1B700CECE75 /* fciosAppDelegate.m in Sources */ = {isa = PBXBuildFile; fileRef = 18A2C1A216B3C1B700CECE75 /* fciosAppDelegate.m */; };
		18A2C1C516B3C1B700CECE75 /* SenTestingKit.framework in Frameworks */ = {isa = PBXBuildFile; fileRef = 18A2C1C416B3C1B700CECE75 /* SenTestingKit.framework */; };
		18A2C1C616B3C1B700CECE75 /* UIKit.framework in Frameworks */ = {isa = PBXBuildFile; fileRef = 18A2C19216B3C1B700CECE75 /* UIKit.framework */; };
		18A2C1C716B3C1B700CECE75 /* Foundation.framework in Frameworks */ = {isa = PBXBuildFile; fileRef = 18A2C19416B3C1B700CECE75 /* Foundation.framework */; };
		18A2C1CF16B3C1B700CECE75 /* InfoPlist.strings in Resources */ = {isa = PBXBuildFile; fileRef = 18A2C1CD16B3C1B700CECE75 /* InfoPlist.strings */; };
		18A2C1D216B3C1B700CECE75 /* FCiOSTests.m in Sources */ = {isa = PBXBuildFile; fileRef = 18A2C1D116B3C1B700CECE75 /* FCiOSTests.m */; };
		18A2C1E316B3C24000CECE75 /* Default-568h@2x.png in Resources */ = {isa = PBXBuildFile; fileRef = 18A2C1DC16B3C24000CECE75 /* Default-568h@2x.png */; };
		18A2C1E416B3C24000CECE75 /* Default-568h@2x.png in Resources */ = {isa = PBXBuildFile; fileRef = 18A2C1DC16B3C24000CECE75 /* Default-568h@2x.png */; };
		18A2C1E516B3C24000CECE75 /* Default.png in Resources */ = {isa = PBXBuildFile; fileRef = 18A2C1DD16B3C24000CECE75 /* Default.png */; };
		18A2C1E616B3C24000CECE75 /* Default.png in Resources */ = {isa = PBXBuildFile; fileRef = 18A2C1DD16B3C24000CECE75 /* Default.png */; };
		18A2C1E716B3C24000CECE75 /* Default@2x.png in Resources */ = {isa = PBXBuildFile; fileRef = 18A2C1DE16B3C24000CECE75 /* Default@2x.png */; };
		18A2C1E816B3C24000CECE75 /* Default@2x.png in Resources */ = {isa = PBXBuildFile; fileRef = 18A2C1DE16B3C24000CECE75 /* Default@2x.png */; };
		18A2C1E916B3C24000CECE75 /* first.png in Resources */ = {isa = PBXBuildFile; fileRef = 18A2C1DF16B3C24000CECE75 /* first.png */; };
		18A2C1EA16B3C24000CECE75 /* first.png in Resources */ = {isa = PBXBuildFile; fileRef = 18A2C1DF16B3C24000CECE75 /* first.png */; };
		18A2C1EB16B3C24000CECE75 /* first@2x.png in Resources */ = {isa = PBXBuildFile; fileRef = 18A2C1E016B3C24000CECE75 /* first@2x.png */; };
		18A2C1EC16B3C24000CECE75 /* first@2x.png in Resources */ = {isa = PBXBuildFile; fileRef = 18A2C1E016B3C24000CECE75 /* first@2x.png */; };
		18A2C1ED16B3C24000CECE75 /* second.png in Resources */ = {isa = PBXBuildFile; fileRef = 18A2C1E116B3C24000CECE75 /* second.png */; };
		18A2C1EE16B3C24000CECE75 /* second.png in Resources */ = {isa = PBXBuildFile; fileRef = 18A2C1E116B3C24000CECE75 /* second.png */; };
		18A2C1EF16B3C24000CECE75 /* second@2x.png in Resources */ = {isa = PBXBuildFile; fileRef = 18A2C1E216B3C24000CECE75 /* second@2x.png */; };
		18A2C1F016B3C24000CECE75 /* second@2x.png in Resources */ = {isa = PBXBuildFile; fileRef = 18A2C1E216B3C24000CECE75 /* second@2x.png */; };
		18A2C1F816B42ED000CECE75 /* MainViewController.m in Sources */ = {isa = PBXBuildFile; fileRef = 18A2C1F616B42ED000CECE75 /* MainViewController.m */; };
		18A2C1F916B42ED000CECE75 /* MainViewController.m in Sources */ = {isa = PBXBuildFile; fileRef = 18A2C1F616B42ED000CECE75 /* MainViewController.m */; };
		18A2C1FA16B42ED000CECE75 /* MainViewController.xib in Resources */ = {isa = PBXBuildFile; fileRef = 18A2C1F716B42ED000CECE75 /* MainViewController.xib */; };
		18A2C1FB16B42ED000CECE75 /* MainViewController.xib in Resources */ = {isa = PBXBuildFile; fileRef = 18A2C1F716B42ED000CECE75 /* MainViewController.xib */; };
		18A2C1FE16B4353C00CECE75 /* TableSources.m in Sources */ = {isa = PBXBuildFile; fileRef = 18A2C1FD16B4353C00CECE75 /* TableSources.m */; };
		18A2C1FF16B4353C00CECE75 /* TableSources.m in Sources */ = {isa = PBXBuildFile; fileRef = 18A2C1FD16B4353C00CECE75 /* TableSources.m */; };
		18A2C21116B43D6D00CECE75 /* SortConfigViewController.m in Sources */ = {isa = PBXBuildFile; fileRef = 18A2C20F16B43D6D00CECE75 /* SortConfigViewController.m */; };
		18A2C21216B43D6D00CECE75 /* SortConfigViewController.m in Sources */ = {isa = PBXBuildFile; fileRef = 18A2C20F16B43D6D00CECE75 /* SortConfigViewController.m */; };
		18A2C21316B43D6D00CECE75 /* SortConfigViewController.xib in Resources */ = {isa = PBXBuildFile; fileRef = 18A2C21016B43D6D00CECE75 /* SortConfigViewController.xib */; };
		18A2C21416B43D6D00CECE75 /* SortConfigViewController.xib in Resources */ = {isa = PBXBuildFile; fileRef = 18A2C21016B43D6D00CECE75 /* SortConfigViewController.xib */; };
		18D06FBB16B55D6400519380 /* musicMaster.db in Resources */ = {isa = PBXBuildFile; fileRef = 18D06FBA16B55D6400519380 /* musicMaster.db */; };
		18D06FBC16B55D6400519380 /* musicMaster.db in Resources */ = {isa = PBXBuildFile; fileRef = 18D06FBA16B55D6400519380 /* musicMaster.db */; };
		18D06FC816B55EE200519380 /* FMDatabase.m in Sources */ = {isa = PBXBuildFile; fileRef = 18D06FBF16B55EE200519380 /* FMDatabase.m */; settings = {COMPILER_FLAGS = "-fno-objc-arc"; }; };
		18D06FC916B55EE200519380 /* FMDatabase.m in Sources */ = {isa = PBXBuildFile; fileRef = 18D06FBF16B55EE200519380 /* FMDatabase.m */; };
		18D06FCA16B55EE200519380 /* FMDatabaseAdditions.m in Sources */ = {isa = PBXBuildFile; fileRef = 18D06FC116B55EE200519380 /* FMDatabaseAdditions.m */; settings = {COMPILER_FLAGS = "-fno-objc-arc"; }; };
		18D06FCB16B55EE200519380 /* FMDatabaseAdditions.m in Sources */ = {isa = PBXBuildFile; fileRef = 18D06FC116B55EE200519380 /* FMDatabaseAdditions.m */; };
		18D06FCC16B55EE200519380 /* FMDatabasePool.m in Sources */ = {isa = PBXBuildFile; fileRef = 18D06FC316B55EE200519380 /* FMDatabasePool.m */; settings = {COMPILER_FLAGS = "-fno-objc-arc"; }; };
		18D06FCD16B55EE200519380 /* FMDatabasePool.m in Sources */ = {isa = PBXBuildFile; fileRef = 18D06FC316B55EE200519380 /* FMDatabasePool.m */; };
		18D06FCE16B55EE200519380 /* FMDatabaseQueue.m in Sources */ = {isa = PBXBuildFile; fileRef = 18D06FC516B55EE200519380 /* FMDatabaseQueue.m */; settings = {COMPILER_FLAGS = "-fno-objc-arc"; }; };
		18D06FCF16B55EE200519380 /* FMDatabaseQueue.m in Sources */ = {isa = PBXBuildFile; fileRef = 18D06FC516B55EE200519380 /* FMDatabaseQueue.m */; };
		18D06FD016B55EE200519380 /* FMResultSet.m in Sources */ = {isa = PBXBuildFile; fileRef = 18D06FC716B55EE200519380 /* FMResultSet.m */; settings = {COMPILER_FLAGS = "-fno-objc-arc"; }; };
		18D06FD116B55EE200519380 /* FMResultSet.m in Sources */ = {isa = PBXBuildFile; fileRef = 18D06FC716B55EE200519380 /* FMResultSet.m */; };
/* End PBXBuildFile section */

/* Begin PBXContainerItemProxy section */
		18A2C1C816B3C1B700CECE75 /* PBXContainerItemProxy */ = {
			isa = PBXContainerItemProxy;
			containerPortal = 18A2C18516B3C1B700CECE75 /* Project object */;
			proxyType = 1;
			remoteGlobalIDString = 18A2C18D16B3C1B700CECE75;
			remoteInfo = FCiOS;
		};
/* End PBXContainerItemProxy section */

/* Begin PBXFileReference section */
		182E301B16B54FFD00E2B504 /* libsqlite3.0.dylib */ = {isa = PBXFileReference; lastKnownFileType = "compiled.mach-o.dylib"; name = libsqlite3.0.dylib; path = usr/lib/libsqlite3.0.dylib; sourceTree = SDKROOT; };
		1898B37916BD8EDF00275758 /* DetailViewController.h */ = {isa = PBXFileReference; fileEncoding = 4; lastKnownFileType = sourcecode.c.h; path = DetailViewController.h; sourceTree = "<group>"; };
		1898B37A16BD8EDF00275758 /* DetailViewController.m */ = {isa = PBXFileReference; fileEncoding = 4; lastKnownFileType = sourcecode.c.objc; path = DetailViewController.m; sourceTree = "<group>"; };
		1898B37B16BD8EDF00275758 /* DetailViewController.xib */ = {isa = PBXFileReference; fileEncoding = 4; lastKnownFileType = file.xib; path = DetailViewController.xib; sourceTree = "<group>"; };
		1898B92716C001B000E1938B /* userData.db */ = {isa = PBXFileReference; lastKnownFileType = file; path = userData.db; sourceTree = "<group>"; };
		189B7EC316C405B80073A1BC /* musicMaster_test.db */ = {isa = PBXFileReference; lastKnownFileType = file; path = musicMaster_test.db; sourceTree = "<group>"; };
		189EB69B16C68DB40005CA3D /* MusicDetailCell.h */ = {isa = PBXFileReference; fileEncoding = 4; lastKnownFileType = sourcecode.c.h; path = MusicDetailCell.h; sourceTree = "<group>"; };
		189EB69C16C68DB40005CA3D /* MusicDetailCell.m */ = {isa = PBXFileReference; fileEncoding = 4; lastKnownFileType = sourcecode.c.objc; path = MusicDetailCell.m; sourceTree = "<group>"; };
		189EB6A316C6A7A20005CA3D /* clearLampImage_0.png */ = {isa = PBXFileReference; lastKnownFileType = image.png; path = clearLampImage_0.png; sourceTree = "<group>"; };
		189EB6A416C6A7A20005CA3D /* clearLampImage_1.png */ = {isa = PBXFileReference; lastKnownFileType = image.png; path = clearLampImage_1.png; sourceTree = "<group>"; };
		189EB6A516C6A7A20005CA3D /* clearLampImage_2.png */ = {isa = PBXFileReference; lastKnownFileType = image.png; path = clearLampImage_2.png; sourceTree = "<group>"; };
		189EB6A616C6A7A20005CA3D /* clearLampImage_3.png */ = {isa = PBXFileReference; lastKnownFileType = image.png; path = clearLampImage_3.png; sourceTree = "<group>"; };
		189EB6A716C6A7A20005CA3D /* clearLampImage_4.png */ = {isa = PBXFileReference; lastKnownFileType = image.png; path = clearLampImage_4.png; sourceTree = "<group>"; };
		189EB6A816C6A7A20005CA3D /* clearLampImage_5.png */ = {isa = PBXFileReference; lastKnownFileType = image.png; path = clearLampImage_5.png; sourceTree = "<group>"; };
		189EB6A916C6A7A20005CA3D /* clearLampImage_6.png */ = {isa = PBXFileReference; lastKnownFileType = image.png; path = clearLampImage_6.png; sourceTree = "<group>"; };
		189EB6AA16C6A7A20005CA3D /* clearLampImage_7.png */ = {isa = PBXFileReference; lastKnownFileType = image.png; path = clearLampImage_7.png; sourceTree = "<group>"; };
		189EB6BB16C6B8CF0005CA3D /* HomeDetailCell.h */ = {isa = PBXFileReference; fileEncoding = 4; lastKnownFileType = sourcecode.c.h; path = HomeDetailCell.h; sourceTree = "<group>"; };
		189EB6BC16C6B8CF0005CA3D /* HomeDetailCell.m */ = {isa = PBXFileReference; fileEncoding = 4; lastKnownFileType = sourcecode.c.objc; path = HomeDetailCell.m; sourceTree = "<group>"; };
		189EB6BF16C6C3020005CA3D /* DatabaseManager.h */ = {isa = PBXFileReference; fileEncoding = 4; lastKnownFileType = sourcecode.c.h; path = DatabaseManager.h; sourceTree = "<group>"; };
		189EB6C016C6C3020005CA3D /* DatabaseManager.m */ = {isa = PBXFileReference; fileEncoding = 4; lastKnownFileType = sourcecode.c.objc; path = DatabaseManager.m; sourceTree = "<group>"; };
		18A2C18E16B3C1B700CECE75 /* FCiOS.app */ = {isa = PBXFileReference; explicitFileType = wrapper.application; includeInIndex = 0; path = FCiOS.app; sourceTree = BUILT_PRODUCTS_DIR; };
		18A2C19216B3C1B700CECE75 /* UIKit.framework */ = {isa = PBXFileReference; lastKnownFileType = wrapper.framework; name = UIKit.framework; path = System/Library/Frameworks/UIKit.framework; sourceTree = SDKROOT; };
		18A2C19416B3C1B700CECE75 /* Foundation.framework */ = {isa = PBXFileReference; lastKnownFileType = wrapper.framework; name = Foundation.framework; path = System/Library/Frameworks/Foundation.framework; sourceTree = SDKROOT; };
		18A2C19616B3C1B700CECE75 /* CoreGraphics.framework */ = {isa = PBXFileReference; lastKnownFileType = wrapper.framework; name = CoreGraphics.framework; path = System/Library/Frameworks/CoreGraphics.framework; sourceTree = SDKROOT; };
		18A2C19A16B3C1B700CECE75 /* FCiOS-Info.plist */ = {isa = PBXFileReference; lastKnownFileType = text.plist.xml; path = "FCiOS-Info.plist"; sourceTree = "<group>"; };
		18A2C19C16B3C1B700CECE75 /* en */ = {isa = PBXFileReference; lastKnownFileType = text.plist.strings; name = en; path = en.lproj/InfoPlist.strings; sourceTree = "<group>"; };
		18A2C19E16B3C1B700CECE75 /* main.m */ = {isa = PBXFileReference; lastKnownFileType = sourcecode.c.objc; path = main.m; sourceTree = "<group>"; };
		18A2C1A016B3C1B700CECE75 /* FCiOS-Prefix.pch */ = {isa = PBXFileReference; lastKnownFileType = sourcecode.c.h; path = "FCiOS-Prefix.pch"; sourceTree = "<group>"; };
		18A2C1A116B3C1B700CECE75 /* fciosAppDelegate.h */ = {isa = PBXFileReference; lastKnownFileType = sourcecode.c.h; path = fciosAppDelegate.h; sourceTree = "<group>"; };
		18A2C1A216B3C1B700CECE75 /* fciosAppDelegate.m */ = {isa = PBXFileReference; lastKnownFileType = sourcecode.c.objc; path = fciosAppDelegate.m; sourceTree = "<group>"; };
		18A2C1C316B3C1B700CECE75 /* FCiOSTests.octest */ = {isa = PBXFileReference; explicitFileType = wrapper.cfbundle; includeInIndex = 0; path = FCiOSTests.octest; sourceTree = BUILT_PRODUCTS_DIR; };
		18A2C1C416B3C1B700CECE75 /* SenTestingKit.framework */ = {isa = PBXFileReference; lastKnownFileType = wrapper.framework; name = SenTestingKit.framework; path = Library/Frameworks/SenTestingKit.framework; sourceTree = DEVELOPER_DIR; };
		18A2C1CC16B3C1B700CECE75 /* FCiOSTests-Info.plist */ = {isa = PBXFileReference; lastKnownFileType = text.plist.xml; path = "FCiOSTests-Info.plist"; sourceTree = "<group>"; };
		18A2C1CE16B3C1B700CECE75 /* en */ = {isa = PBXFileReference; lastKnownFileType = text.plist.strings; name = en; path = en.lproj/InfoPlist.strings; sourceTree = "<group>"; };
		18A2C1D016B3C1B700CECE75 /* FCiOSTests.h */ = {isa = PBXFileReference; lastKnownFileType = sourcecode.c.h; path = FCiOSTests.h; sourceTree = "<group>"; };
		18A2C1D116B3C1B700CECE75 /* FCiOSTests.m */ = {isa = PBXFileReference; lastKnownFileType = sourcecode.c.objc; path = FCiOSTests.m; sourceTree = "<group>"; };
		18A2C1DC16B3C24000CECE75 /* Default-568h@2x.png */ = {isa = PBXFileReference; lastKnownFileType = image.png; path = "Default-568h@2x.png"; sourceTree = "<group>"; };
		18A2C1DD16B3C24000CECE75 /* Default.png */ = {isa = PBXFileReference; lastKnownFileType = image.png; path = Default.png; sourceTree = "<group>"; };
		18A2C1DE16B3C24000CECE75 /* Default@2x.png */ = {isa = PBXFileReference; lastKnownFileType = image.png; path = "Default@2x.png"; sourceTree = "<group>"; };
		18A2C1DF16B3C24000CECE75 /* first.png */ = {isa = PBXFileReference; lastKnownFileType = image.png; path = first.png; sourceTree = "<group>"; };
		18A2C1E016B3C24000CECE75 /* first@2x.png */ = {isa = PBXFileReference; lastKnownFileType = image.png; path = "first@2x.png"; sourceTree = "<group>"; };
		18A2C1E116B3C24000CECE75 /* second.png */ = {isa = PBXFileReference; lastKnownFileType = image.png; path = second.png; sourceTree = "<group>"; };
		18A2C1E216B3C24000CECE75 /* second@2x.png */ = {isa = PBXFileReference; lastKnownFileType = image.png; path = "second@2x.png"; sourceTree = "<group>"; };
		18A2C1F516B42ED000CECE75 /* MainViewController.h */ = {isa = PBXFileReference; fileEncoding = 4; lastKnownFileType = sourcecode.c.h; path = MainViewController.h; sourceTree = "<group>"; };
		18A2C1F616B42ED000CECE75 /* MainViewController.m */ = {isa = PBXFileReference; fileEncoding = 4; lastKnownFileType = sourcecode.c.objc; path = MainViewController.m; sourceTree = "<group>"; };
		18A2C1F716B42ED000CECE75 /* MainViewController.xib */ = {isa = PBXFileReference; fileEncoding = 4; lastKnownFileType = file.xib; path = MainViewController.xib; sourceTree = "<group>"; };
		18A2C1FC16B4353C00CECE75 /* TableSources.h */ = {isa = PBXFileReference; fileEncoding = 4; lastKnownFileType = sourcecode.c.h; path = TableSources.h; sourceTree = "<group>"; };
		18A2C1FD16B4353C00CECE75 /* TableSources.m */ = {isa = PBXFileReference; fileEncoding = 4; lastKnownFileType = sourcecode.c.objc; path = TableSources.m; sourceTree = "<group>"; };
		18A2C20E16B43D6D00CECE75 /* SortConfigViewController.h */ = {isa = PBXFileReference; fileEncoding = 4; lastKnownFileType = sourcecode.c.h; path = SortConfigViewController.h; sourceTree = "<group>"; };
		18A2C20F16B43D6D00CECE75 /* SortConfigViewController.m */ = {isa = PBXFileReference; fileEncoding = 4; lastKnownFileType = sourcecode.c.objc; path = SortConfigViewController.m; sourceTree = "<group>"; };
		18A2C21016B43D6D00CECE75 /* SortConfigViewController.xib */ = {isa = PBXFileReference; fileEncoding = 4; lastKnownFileType = file.xib; path = SortConfigViewController.xib; sourceTree = "<group>"; };
		18D06FBA16B55D6400519380 /* musicMaster.db */ = {isa = PBXFileReference; lastKnownFileType = file; path = musicMaster.db; sourceTree = "<group>"; };
		18D06FBE16B55EE200519380 /* FMDatabase.h */ = {isa = PBXFileReference; fileEncoding = 4; lastKnownFileType = sourcecode.c.h; path = FMDatabase.h; sourceTree = "<group>"; };
		18D06FBF16B55EE200519380 /* FMDatabase.m */ = {isa = PBXFileReference; fileEncoding = 4; lastKnownFileType = sourcecode.c.objc; path = FMDatabase.m; sourceTree = "<group>"; };
		18D06FC016B55EE200519380 /* FMDatabaseAdditions.h */ = {isa = PBXFileReference; fileEncoding = 4; lastKnownFileType = sourcecode.c.h; path = FMDatabaseAdditions.h; sourceTree = "<group>"; };
		18D06FC116B55EE200519380 /* FMDatabaseAdditions.m */ = {isa = PBXFileReference; fileEncoding = 4; lastKnownFileType = sourcecode.c.objc; path = FMDatabaseAdditions.m; sourceTree = "<group>"; };
		18D06FC216B55EE200519380 /* FMDatabasePool.h */ = {isa = PBXFileReference; fileEncoding = 4; lastKnownFileType = sourcecode.c.h; path = FMDatabasePool.h; sourceTree = "<group>"; };
		18D06FC316B55EE200519380 /* FMDatabasePool.m */ = {isa = PBXFileReference; fileEncoding = 4; lastKnownFileType = sourcecode.c.objc; path = FMDatabasePool.m; sourceTree = "<group>"; };
		18D06FC416B55EE200519380 /* FMDatabaseQueue.h */ = {isa = PBXFileReference; fileEncoding = 4; lastKnownFileType = sourcecode.c.h; path = FMDatabaseQueue.h; sourceTree = "<group>"; };
		18D06FC516B55EE200519380 /* FMDatabaseQueue.m */ = {isa = PBXFileReference; fileEncoding = 4; lastKnownFileType = sourcecode.c.objc; path = FMDatabaseQueue.m; sourceTree = "<group>"; };
		18D06FC616B55EE200519380 /* FMResultSet.h */ = {isa = PBXFileReference; fileEncoding = 4; lastKnownFileType = sourcecode.c.h; path = FMResultSet.h; sourceTree = "<group>"; };
		18D06FC716B55EE200519380 /* FMResultSet.m */ = {isa = PBXFileReference; fileEncoding = 4; lastKnownFileType = sourcecode.c.objc; path = FMResultSet.m; sourceTree = "<group>"; };
/* End PBXFileReference section */

/* Begin PBXFrameworksBuildPhase section */
		18A2C18B16B3C1B700CECE75 /* Frameworks */ = {
			isa = PBXFrameworksBuildPhase;
			buildActionMask = 2147483647;
			files = (
				182E301C16B54FFD00E2B504 /* libsqlite3.0.dylib in Frameworks */,
				18A2C19316B3C1B700CECE75 /* UIKit.framework in Frameworks */,
				18A2C19516B3C1B700CECE75 /* Foundation.framework in Frameworks */,
				18A2C19716B3C1B700CECE75 /* CoreGraphics.framework in Frameworks */,
			);
			runOnlyForDeploymentPostprocessing = 0;
		};
		18A2C1BF16B3C1B700CECE75 /* Frameworks */ = {
			isa = PBXFrameworksBuildPhase;
			buildActionMask = 2147483647;
			files = (
				18A2C1C516B3C1B700CECE75 /* SenTestingKit.framework in Frameworks */,
				18A2C1C616B3C1B700CECE75 /* UIKit.framework in Frameworks */,
				18A2C1C716B3C1B700CECE75 /* Foundation.framework in Frameworks */,
			);
			runOnlyForDeploymentPostprocessing = 0;
		};
/* End PBXFrameworksBuildPhase section */

/* Begin PBXGroup section */
		182E300C16B54FEE00E2B504 /* lib */ = {
			isa = PBXGroup;
			children = (
				18D06FBD16B55EE200519380 /* FMDB */,
			);
			path = lib;
			sourceTree = "<group>";
		};
		189EB6A016C6A7370005CA3D /* icon */ = {
			isa = PBXGroup;
			children = (
			);
			path = icon;
			sourceTree = "<group>";
		};
		189EB6A216C6A7A20005CA3D /* clearLamp */ = {
			isa = PBXGroup;
			children = (
				189EB6A316C6A7A20005CA3D /* clearLampImage_0.png */,
				189EB6A416C6A7A20005CA3D /* clearLampImage_1.png */,
				189EB6A516C6A7A20005CA3D /* clearLampImage_2.png */,
				189EB6A616C6A7A20005CA3D /* clearLampImage_3.png */,
				189EB6A716C6A7A20005CA3D /* clearLampImage_4.png */,
				189EB6A816C6A7A20005CA3D /* clearLampImage_5.png */,
				189EB6A916C6A7A20005CA3D /* clearLampImage_6.png */,
				189EB6AA16C6A7A20005CA3D /* clearLampImage_7.png */,
			);
			path = clearLamp;
			sourceTree = "<group>";
		};
		18A2C18316B3C1B700CECE75 = {
			isa = PBXGroup;
			children = (
				18A2C19816B3C1B700CECE75 /* FCiOS */,
				18A2C1CA16B3C1B700CECE75 /* FCiOSTests */,
				18A2C19116B3C1B700CECE75 /* Frameworks */,
				18A2C18F16B3C1B700CECE75 /* Products */,
			);
			sourceTree = "<group>";
		};
		18A2C18F16B3C1B700CECE75 /* Products */ = {
			isa = PBXGroup;
			children = (
				18A2C18E16B3C1B700CECE75 /* FCiOS.app */,
				18A2C1C316B3C1B700CECE75 /* FCiOSTests.octest */,
			);
			name = Products;
			sourceTree = "<group>";
		};
		18A2C19116B3C1B700CECE75 /* Frameworks */ = {
			isa = PBXGroup;
			children = (
				182E301B16B54FFD00E2B504 /* libsqlite3.0.dylib */,
				18A2C19216B3C1B700CECE75 /* UIKit.framework */,
				18A2C19416B3C1B700CECE75 /* Foundation.framework */,
				18A2C19616B3C1B700CECE75 /* CoreGraphics.framework */,
				18A2C1C416B3C1B700CECE75 /* SenTestingKit.framework */,
			);
			name = Frameworks;
			sourceTree = "<group>";
		};
		18A2C19816B3C1B700CECE75 /* FCiOS */ = {
			isa = PBXGroup;
			children = (
				182E300C16B54FEE00E2B504 /* lib */,
				18A2C1DB16B3C24000CECE75 /* Resources */,
				18A2C1A116B3C1B700CECE75 /* fciosAppDelegate.h */,
				18A2C1A216B3C1B700CECE75 /* fciosAppDelegate.m */,
				18A2C1F516B42ED000CECE75 /* MainViewController.h */,
				18A2C1F616B42ED000CECE75 /* MainViewController.m */,
				18A2C20E16B43D6D00CECE75 /* SortConfigViewController.h */,
				18A2C20F16B43D6D00CECE75 /* SortConfigViewController.m */,
				1898B37916BD8EDF00275758 /* DetailViewController.h */,
				1898B37A16BD8EDF00275758 /* DetailViewController.m */,
				189EB69B16C68DB40005CA3D /* MusicDetailCell.h */,
				189EB69C16C68DB40005CA3D /* MusicDetailCell.m */,
				189EB6BB16C6B8CF0005CA3D /* HomeDetailCell.h */,
				189EB6BC16C6B8CF0005CA3D /* HomeDetailCell.m */,
				18A2C1FC16B4353C00CECE75 /* TableSources.h */,
				18A2C1FD16B4353C00CECE75 /* TableSources.m */,
				189EB6BF16C6C3020005CA3D /* DatabaseManager.h */,
				189EB6C016C6C3020005CA3D /* DatabaseManager.m */,
				18A2C1F716B42ED000CECE75 /* MainViewController.xib */,
				18A2C21016B43D6D00CECE75 /* SortConfigViewController.xib */,
				1898B37B16BD8EDF00275758 /* DetailViewController.xib */,
				18A2C19916B3C1B700CECE75 /* Supporting Files */,
			);
			path = FCiOS;
			sourceTree = "<group>";
		};
		18A2C19916B3C1B700CECE75 /* Supporting Files */ = {
			isa = PBXGroup;
			children = (
				18A2C19A16B3C1B700CECE75 /* FCiOS-Info.plist */,
				18A2C19B16B3C1B700CECE75 /* InfoPlist.strings */,
				18A2C19E16B3C1B700CECE75 /* main.m */,
				18A2C1A016B3C1B700CECE75 /* FCiOS-Prefix.pch */,
			);
			name = "Supporting Files";
			sourceTree = "<group>";
		};
		18A2C1CA16B3C1B700CECE75 /* FCiOSTests */ = {
			isa = PBXGroup;
			children = (
				18A2C1D016B3C1B700CECE75 /* FCiOSTests.h */,
				18A2C1D116B3C1B700CECE75 /* FCiOSTests.m */,
				18A2C1CB16B3C1B700CECE75 /* Supporting Files */,
			);
			path = FCiOSTests;
			sourceTree = "<group>";
		};
		18A2C1CB16B3C1B700CECE75 /* Supporting Files */ = {
			isa = PBXGroup;
			children = (
				18A2C1CC16B3C1B700CECE75 /* FCiOSTests-Info.plist */,
				18A2C1CD16B3C1B700CECE75 /* InfoPlist.strings */,
			);
			name = "Supporting Files";
			sourceTree = "<group>";
		};
		18A2C1DB16B3C24000CECE75 /* Resources */ = {
			isa = PBXGroup;
			children = (
				189EB6A216C6A7A20005CA3D /* clearLamp */,
				189EB6A016C6A7370005CA3D /* icon */,
				1898B92716C001B000E1938B /* userData.db */,
				18D06FBA16B55D6400519380 /* musicMaster.db */,
				189B7EC316C405B80073A1BC /* musicMaster_test.db */,
				18A2C1DC16B3C24000CECE75 /* Default-568h@2x.png */,
				18A2C1DD16B3C24000CECE75 /* Default.png */,
				18A2C1DE16B3C24000CECE75 /* Default@2x.png */,
				18A2C1DF16B3C24000CECE75 /* first.png */,
				18A2C1E016B3C24000CECE75 /* first@2x.png */,
				18A2C1E116B3C24000CECE75 /* second.png */,
				18A2C1E216B3C24000CECE75 /* second@2x.png */,
			);
			path = Resources;
			sourceTree = "<group>";
		};
		18D06FBD16B55EE200519380 /* FMDB */ = {
			isa = PBXGroup;
			children = (
				18D06FBE16B55EE200519380 /* FMDatabase.h */,
				18D06FBF16B55EE200519380 /* FMDatabase.m */,
				18D06FC016B55EE200519380 /* FMDatabaseAdditions.h */,
				18D06FC116B55EE200519380 /* FMDatabaseAdditions.m */,
				18D06FC216B55EE200519380 /* FMDatabasePool.h */,
				18D06FC316B55EE200519380 /* FMDatabasePool.m */,
				18D06FC416B55EE200519380 /* FMDatabaseQueue.h */,
				18D06FC516B55EE200519380 /* FMDatabaseQueue.m */,
				18D06FC616B55EE200519380 /* FMResultSet.h */,
				18D06FC716B55EE200519380 /* FMResultSet.m */,
			);
			path = FMDB;
			sourceTree = "<group>";
		};
/* End PBXGroup section */

/* Begin PBXNativeTarget section */
		18A2C18D16B3C1B700CECE75 /* FCiOS */ = {
			isa = PBXNativeTarget;
			buildConfigurationList = 18A2C1D516B3C1B700CECE75 /* Build configuration list for PBXNativeTarget "FCiOS" */;
			buildPhases = (
				18A2C18A16B3C1B700CECE75 /* Sources */,
				18A2C18B16B3C1B700CECE75 /* Frameworks */,
				18A2C18C16B3C1B700CECE75 /* Resources */,
			);
			buildRules = (
			);
			dependencies = (
			);
			name = FCiOS;
			productName = FCiOS;
			productReference = 18A2C18E16B3C1B700CECE75 /* FCiOS.app */;
			productType = "com.apple.product-type.application";
		};
		18A2C1C216B3C1B700CECE75 /* FCiOSTests */ = {
			isa = PBXNativeTarget;
			buildConfigurationList = 18A2C1D816B3C1B700CECE75 /* Build configuration list for PBXNativeTarget "FCiOSTests" */;
			buildPhases = (
				18A2C1BE16B3C1B700CECE75 /* Sources */,
				18A2C1BF16B3C1B700CECE75 /* Frameworks */,
				18A2C1C016B3C1B700CECE75 /* Resources */,
				18A2C1C116B3C1B700CECE75 /* ShellScript */,
			);
			buildRules = (
			);
			dependencies = (
				18A2C1C916B3C1B700CECE75 /* PBXTargetDependency */,
			);
			name = FCiOSTests;
			productName = FCiOSTests;
			productReference = 18A2C1C316B3C1B700CECE75 /* FCiOSTests.octest */;
			productType = "com.apple.product-type.bundle";
		};
/* End PBXNativeTarget section */

/* Begin PBXProject section */
		18A2C18516B3C1B700CECE75 /* Project object */ = {
			isa = PBXProject;
			attributes = {
				CLASSPREFIX = fcios;
				LastUpgradeCheck = 0450;
				ORGANIZATIONNAME = "Yuya Nambu";
			};
			buildConfigurationList = 18A2C18816B3C1B700CECE75 /* Build configuration list for PBXProject "FCiOS" */;
			compatibilityVersion = "Xcode 3.2";
			developmentRegion = English;
			hasScannedForEncodings = 0;
			knownRegions = (
				en,
			);
			mainGroup = 18A2C18316B3C1B700CECE75;
			productRefGroup = 18A2C18F16B3C1B700CECE75 /* Products */;
			projectDirPath = "";
			projectRoot = "";
			targets = (
				18A2C18D16B3C1B700CECE75 /* FCiOS */,
				18A2C1C216B3C1B700CECE75 /* FCiOSTests */,
			);
		};
/* End PBXProject section */

/* Begin PBXResourcesBuildPhase section */
		18A2C18C16B3C1B700CECE75 /* Resources */ = {
			isa = PBXResourcesBuildPhase;
			buildActionMask = 2147483647;
			files = (
				18A2C19D16B3C1B700CECE75 /* InfoPlist.strings in Resources */,
				18A2C1E316B3C24000CECE75 /* Default-568h@2x.png in Resources */,
				18A2C1E516B3C24000CECE75 /* Default.png in Resources */,
				18A2C1E716B3C24000CECE75 /* Default@2x.png in Resources */,
				18A2C1E916B3C24000CECE75 /* first.png in Resources */,
				18A2C1EB16B3C24000CECE75 /* first@2x.png in Resources */,
				18A2C1ED16B3C24000CECE75 /* second.png in Resources */,
				18A2C1EF16B3C24000CECE75 /* second@2x.png in Resources */,
				18A2C1FA16B42ED000CECE75 /* MainViewController.xib in Resources */,
				18A2C21316B43D6D00CECE75 /* SortConfigViewController.xib in Resources */,
				18D06FBB16B55D6400519380 /* musicMaster.db in Resources */,
				1898B37E16BD8EDF00275758 /* DetailViewController.xib in Resources */,
				1898B92816C001B000E1938B /* userData.db in Resources */,
				189B7EC416C405B80073A1BC /* musicMaster_test.db in Resources */,
				189EB6AB16C6A7A20005CA3D /* clearLampImage_0.png in Resources */,
				189EB6AD16C6A7A20005CA3D /* clearLampImage_1.png in Resources */,
				189EB6AF16C6A7A20005CA3D /* clearLampImage_2.png in Resources */,
				189EB6B116C6A7A20005CA3D /* clearLampImage_3.png in Resources */,
				189EB6B316C6A7A20005CA3D /* clearLampImage_4.png in Resources */,
				189EB6B516C6A7A20005CA3D /* clearLampImage_5.png in Resources */,
				189EB6B716C6A7A20005CA3D /* clearLampImage_6.png in Resources */,
				189EB6B916C6A7A20005CA3D /* clearLampImage_7.png in Resources */,
			);
			runOnlyForDeploymentPostprocessing = 0;
		};
		18A2C1C016B3C1B700CECE75 /* Resources */ = {
			isa = PBXResourcesBuildPhase;
			buildActionMask = 2147483647;
			files = (
				18A2C1CF16B3C1B700CECE75 /* InfoPlist.strings in Resources */,
				18A2C1E416B3C24000CECE75 /* Default-568h@2x.png in Resources */,
				18A2C1E616B3C24000CECE75 /* Default.png in Resources */,
				18A2C1E816B3C24000CECE75 /* Default@2x.png in Resources */,
				18A2C1EA16B3C24000CECE75 /* first.png in Resources */,
				18A2C1EC16B3C24000CECE75 /* first@2x.png in Resources */,
				18A2C1EE16B3C24000CECE75 /* second.png in Resources */,
				18A2C1F016B3C24000CECE75 /* second@2x.png in Resources */,
				18A2C1FB16B42ED000CECE75 /* MainViewController.xib in Resources */,
				18A2C21416B43D6D00CECE75 /* SortConfigViewController.xib in Resources */,
				18D06FBC16B55D6400519380 /* musicMaster.db in Resources */,
				1898B37F16BD8EDF00275758 /* DetailViewController.xib in Resources */,
				1898B92916C001B000E1938B /* userData.db in Resources */,
				189B7EC516C405B80073A1BC /* musicMaster_test.db in Resources */,
				189EB6AC16C6A7A20005CA3D /* clearLampImage_0.png in Resources */,
				189EB6AE16C6A7A20005CA3D /* clearLampImage_1.png in Resources */,
				189EB6B016C6A7A20005CA3D /* clearLampImage_2.png in Resources */,
				189EB6B216C6A7A20005CA3D /* clearLampImage_3.png in Resources */,
				189EB6B416C6A7A20005CA3D /* clearLampImage_4.png in Resources */,
				189EB6B616C6A7A20005CA3D /* clearLampImage_5.png in Resources */,
				189EB6B816C6A7A20005CA3D /* clearLampImage_6.png in Resources */,
				189EB6BA16C6A7A20005CA3D /* clearLampImage_7.png in Resources */,
			);
			runOnlyForDeploymentPostprocessing = 0;
		};
/* End PBXResourcesBuildPhase section */

/* Begin PBXShellScriptBuildPhase section */
		18A2C1C116B3C1B700CECE75 /* ShellScript */ = {
			isa = PBXShellScriptBuildPhase;
			buildActionMask = 2147483647;
			files = (
			);
			inputPaths = (
			);
			outputPaths = (
			);
			runOnlyForDeploymentPostprocessing = 0;
			shellPath = /bin/sh;
			shellScript = "# Run the unit tests in this test bundle.\n\"${SYSTEM_DEVELOPER_DIR}/Tools/RunUnitTests\"\n";
		};
/* End PBXShellScriptBuildPhase section */

/* Begin PBXSourcesBuildPhase section */
		18A2C18A16B3C1B700CECE75 /* Sources */ = {
			isa = PBXSourcesBuildPhase;
			buildActionMask = 2147483647;
			files = (
				18A2C19F16B3C1B700CECE75 /* main.m in Sources */,
				18A2C1A316B3C1B700CECE75 /* fciosAppDelegate.m in Sources */,
				18A2C1F816B42ED000CECE75 /* MainViewController.m in Sources */,
				18A2C1FE16B4353C00CECE75 /* TableSources.m in Sources */,
				18A2C21116B43D6D00CECE75 /* SortConfigViewController.m in Sources */,
				18D06FC816B55EE200519380 /* FMDatabase.m in Sources */,
				18D06FCA16B55EE200519380 /* FMDatabaseAdditions.m in Sources */,
				18D06FCC16B55EE200519380 /* FMDatabasePool.m in Sources */,
				18D06FCE16B55EE200519380 /* FMDatabaseQueue.m in Sources */,
				18D06FD016B55EE200519380 /* FMResultSet.m in Sources */,
				1898B37C16BD8EDF00275758 /* DetailViewController.m in Sources */,
				189EB69D16C68DB40005CA3D /* MusicDetailCell.m in Sources */,
				189EB6BD16C6B8CF0005CA3D /* HomeDetailCell.m in Sources */,
				189EB6C116C6C3020005CA3D /* DatabaseManager.m in Sources */,
			);
			runOnlyForDeploymentPostprocessing = 0;
		};
		18A2C1BE16B3C1B700CECE75 /* Sources */ = {
			isa = PBXSourcesBuildPhase;
			buildActionMask = 2147483647;
			files = (
				18A2C1D216B3C1B700CECE75 /* FCiOSTests.m in Sources */,
				18A2C1F916B42ED000CECE75 /* MainViewController.m in Sources */,
				18A2C1FF16B4353C00CECE75 /* TableSources.m in Sources */,
				18A2C21216B43D6D00CECE75 /* SortConfigViewController.m in Sources */,
				18D06FC916B55EE200519380 /* FMDatabase.m in Sources */,
				18D06FCB16B55EE200519380 /* FMDatabaseAdditions.m in Sources */,
				18D06FCD16B55EE200519380 /* FMDatabasePool.m in Sources */,
				18D06FCF16B55EE200519380 /* FMDatabaseQueue.m in Sources */,
				18D06FD116B55EE200519380 /* FMResultSet.m in Sources */,
				1898B37D16BD8EDF00275758 /* DetailViewController.m in Sources */,
				189EB69E16C68DB40005CA3D /* MusicDetailCell.m in Sources */,
				189EB6BE16C6B8CF0005CA3D /* HomeDetailCell.m in Sources */,
				189EB6C216C6C3020005CA3D /* DatabaseManager.m in Sources */,
			);
			runOnlyForDeploymentPostprocessing = 0;
		};
/* End PBXSourcesBuildPhase section */

/* Begin PBXTargetDependency section */
		18A2C1C916B3C1B700CECE75 /* PBXTargetDependency */ = {
			isa = PBXTargetDependency;
			target = 18A2C18D16B3C1B700CECE75 /* FCiOS */;
			targetProxy = 18A2C1C816B3C1B700CECE75 /* PBXContainerItemProxy */;
		};
/* End PBXTargetDependency section */

/* Begin PBXVariantGroup section */
		18A2C19B16B3C1B700CECE75 /* InfoPlist.strings */ = {
			isa = PBXVariantGroup;
			children = (
				18A2C19C16B3C1B700CECE75 /* en */,
			);
			name = InfoPlist.strings;
			sourceTree = "<group>";
		};
		18A2C1CD16B3C1B700CECE75 /* InfoPlist.strings */ = {
			isa = PBXVariantGroup;
			children = (
				18A2C1CE16B3C1B700CECE75 /* en */,
			);
			name = InfoPlist.strings;
			sourceTree = "<group>";
		};
/* End PBXVariantGroup section */

/* Begin XCBuildConfiguration section */
		18A2C1D316B3C1B700CECE75 /* Debug */ = {
			isa = XCBuildConfiguration;
			buildSettings = {
				ALWAYS_SEARCH_USER_PATHS = NO;
				CLANG_CXX_LANGUAGE_STANDARD = "gnu++0x";
				CLANG_CXX_LIBRARY = "libc++";
				CLANG_ENABLE_OBJC_ARC = YES;
				CLANG_WARN_EMPTY_BODY = YES;
				CLANG_WARN__DUPLICATE_METHOD_MATCH = YES;
				"CODE_SIGN_IDENTITY[sdk=iphoneos*]" = "iPhone Developer";
				COPY_PHASE_STRIP = NO;
				GCC_C_LANGUAGE_STANDARD = gnu99;
				GCC_DYNAMIC_NO_PIC = NO;
				GCC_OPTIMIZATION_LEVEL = 0;
				GCC_PREPROCESSOR_DEFINITIONS = (
					"DEBUG=1",
					"$(inherited)",
				);
				GCC_SYMBOLS_PRIVATE_EXTERN = NO;
				GCC_WARN_ABOUT_RETURN_TYPE = YES;
				GCC_WARN_UNINITIALIZED_AUTOS = YES;
				GCC_WARN_UNUSED_VARIABLE = YES;
				IPHONEOS_DEPLOYMENT_TARGET = 6.0;
				ONLY_ACTIVE_ARCH = YES;
				SDKROOT = iphoneos;
			};
			name = Debug;
		};
		18A2C1D416B3C1B700CECE75 /* Release */ = {
			isa = XCBuildConfiguration;
			buildSettings = {
				ALWAYS_SEARCH_USER_PATHS = NO;
				CLANG_CXX_LANGUAGE_STANDARD = "gnu++0x";
				CLANG_CXX_LIBRARY = "libc++";
				CLANG_ENABLE_OBJC_ARC = YES;
				CLANG_WARN_EMPTY_BODY = YES;
				CLANG_WARN__DUPLICATE_METHOD_MATCH = YES;
				"CODE_SIGN_IDENTITY[sdk=iphoneos*]" = "iPhone Developer";
				COPY_PHASE_STRIP = YES;
				GCC_C_LANGUAGE_STANDARD = gnu99;
				GCC_WARN_ABOUT_RETURN_TYPE = YES;
				GCC_WARN_UNINITIALIZED_AUTOS = YES;
				GCC_WARN_UNUSED_VARIABLE = YES;
				IPHONEOS_DEPLOYMENT_TARGET = 6.0;
				OTHER_CFLAGS = "-DNS_BLOCK_ASSERTIONS=1";
				SDKROOT = iphoneos;
				VALIDATE_PRODUCT = YES;
			};
			name = Release;
		};
		18A2C1D616B3C1B700CECE75 /* Debug */ = {
			isa = XCBuildConfiguration;
			buildSettings = {
				GCC_PRECOMPILE_PREFIX_HEADER = YES;
				GCC_PREFIX_HEADER = "FCiOS/FCiOS-Prefix.pch";
				INFOPLIST_FILE = "FCiOS/FCiOS-Info.plist";
				IPHONEOS_DEPLOYMENT_TARGET = 4.3;
				PRODUCT_NAME = "$(TARGET_NAME)";
				TARGETED_DEVICE_FAMILY = 1;
				WRAPPER_EXTENSION = app;
			};
			name = Debug;
		};
		18A2C1D716B3C1B700CECE75 /* Release */ = {
			isa = XCBuildConfiguration;
			buildSettings = {
				GCC_PRECOMPILE_PREFIX_HEADER = YES;
				GCC_PREFIX_HEADER = "FCiOS/FCiOS-Prefix.pch";
				INFOPLIST_FILE = "FCiOS/FCiOS-Info.plist";
				IPHONEOS_DEPLOYMENT_TARGET = 4.3;
				PRODUCT_NAME = "$(TARGET_NAME)";
				TARGETED_DEVICE_FAMILY = 1;
				WRAPPER_EXTENSION = app;
			};
			name = Release;
		};
		18A2C1D916B3C1B700CECE75 /* Debug */ = {
			isa = XCBuildConfiguration;
			buildSettings = {
				BUNDLE_LOADER = "$(BUILT_PRODUCTS_DIR)/FCiOS.app/FCiOS";
				FRAMEWORK_SEARCH_PATHS = (
					"\"$(SDKROOT)/Developer/Library/Frameworks\"",
					"\"$(DEVELOPER_LIBRARY_DIR)/Frameworks\"",
				);
				GCC_PRECOMPILE_PREFIX_HEADER = YES;
				GCC_PREFIX_HEADER = "FCiOS/FCiOS-Prefix.pch";
				INFOPLIST_FILE = "FCiOSTests/FCiOSTests-Info.plist";
				PRODUCT_NAME = "$(TARGET_NAME)";
				TEST_HOST = "$(BUNDLE_LOADER)";
				WRAPPER_EXTENSION = octest;
			};
			name = Debug;
		};
		18A2C1DA16B3C1B700CECE75 /* Release */ = {
			isa = XCBuildConfiguration;
			buildSettings = {
				BUNDLE_LOADER = "$(BUILT_PRODUCTS_DIR)/FCiOS.app/FCiOS";
				FRAMEWORK_SEARCH_PATHS = (
					"\"$(SDKROOT)/Developer/Library/Frameworks\"",
					"\"$(DEVELOPER_LIBRARY_DIR)/Frameworks\"",
				);
				GCC_PRECOMPILE_PREFIX_HEADER = YES;
				GCC_PREFIX_HEADER = "FCiOS/FCiOS-Prefix.pch";
				INFOPLIST_FILE = "FCiOSTests/FCiOSTests-Info.plist";
				PRODUCT_NAME = "$(TARGET_NAME)";
				TEST_HOST = "$(BUNDLE_LOADER)";
				WRAPPER_EXTENSION = octest;
			};
			name = Release;
		};
/* End XCBuildConfiguration section */

/* Begin XCConfigurationList section */
		18A2C18816B3C1B700CECE75 /* Build configuration list for PBXProject "FCiOS" */ = {
			isa = XCConfigurationList;
			buildConfigurations = (
				18A2C1D316B3C1B700CECE75 /* Debug */,
				18A2C1D416B3C1B700CECE75 /* Release */,
			);
			defaultConfigurationIsVisible = 0;
			defaultConfigurationName = Release;
		};
		18A2C1D516B3C1B700CECE75 /* Build configuration list for PBXNativeTarget "FCiOS" */ = {
			isa = XCConfigurationList;
			buildConfigurations = (
				18A2C1D616B3C1B700CECE75 /* Debug */,
				18A2C1D716B3C1B700CECE75 /* Release */,
			);
			defaultConfigurationIsVisible = 0;
			defaultConfigurationName = Release;
		};
		18A2C1D816B3C1B700CECE75 /* Build configuration list for PBXNativeTarget "FCiOSTests" */ = {
			isa = XCConfigurationList;
			buildConfigurations = (
				18A2C1D916B3C1B700CECE75 /* Debug */,
				18A2C1DA16B3C1B700CECE75 /* Release */,
			);
			defaultConfigurationIsVisible = 0;
			defaultConfigurationName = Release;
		};
/* End XCConfigurationList section */
	};
	rootObject = 18A2C18516B3C1B700CECE75 /* Project object */;
}
